
Microsoft Visual Studio Solution File, Format Version 12.00
# Visual Studio Version 16
VisualStudioVersion = 16.0.31005.135
MinimumVisualStudioVersion = 10.0.40219.1
Project("{FAE04EC0-301F-11D3-BF4B-00C04F79EFBC}") = "Program5", "Program5\Program5.csproj", "{27A94A6A-EBB9-4337-B98C-181598883ED1}"
EndProject
Global
	GlobalSection(SolutionConfigurationPlatforms) = preSolution
		Debug|Any CPU = Debug|Any CPU
		Release|Any CPU = Release|Any CPU
	EndGlobalSection
	GlobalSection(ProjectConfigurationPlatforms) = postSolution
		{27A94A6A-EBB9-4337-B98C-181598883ED1}.Debug|Any CPU.ActiveCfg = Debug|Any CPU
		{27A94A6A-EBB9-4337-B98C-181598883ED1}.Debug|Any CPU.Build.0 = Debug|Any CPU
		{27A94A6A-EBB9-4337-B98C-181598883ED1}.Release|Any CPU.ActiveCfg = Release|Any CPU
		{27A94A6A-EBB9-4337-B98C-181598883ED1}.Release|Any CPU.Build.0 = Release|Any CPU
	EndGlobalSection
	GlobalSection(SolutionProperties) = preSolution
		HideSolutionNode = FALSE
	EndGlobalSection
	GlobalSection(ExtensibilityGlobals) = postSolution
		SolutionGuid = {AB26BBD2-DB18-4A8C-925A-A245584DEB6E}
	EndGlobalSection
EndGlobal
